# THIS IS AN AUTOGENERATED FILE. DO NOT EDIT THIS FILE DIRECTLY.
# yarn lockfile v1


nan@^2.14.0:
  version "2.14.0"
  resolved "https://registry.yarnpkg.com/nan/-/nan-2.14.0.tgz#7818f722027b2459a86f0295d434d1fc2336c52c"
  integrity sha512-INOFj37C7k3AfaNTtX8RhsTw7qRy7eLET14cROi9+5HAVbbHuIWUHEauBv5qT4Av2tWasiTY1Jw6puUNqRJXQg==

tree-sitter-ql@^1.0.0:
  version "1.0.0"
  resolved "https://registry.yarnpkg.com/tree-sitter-ql/-/tree-sitter-ql-1.0.0.tgz#525ba6777baf326571e51b332683f58eed2de435"
  integrity sha512-szoPLBjGhtjaEBCJBB6BM5IX5ypYF9U1S6HT6QDS5MJs1jwxS8tVqk2HJOIo5SChZR6Tgt+kiHJARzL07Jc6Lg==
  dependencies:
    nan "^2.14.0"
